{
  "name": "TestSite",
  "lockfileVersion": 2,
  "requires": true,
  "packages": {
    "": {
      "dependencies": {
        "simple-icons": "^6.23.0"
      }
    },
    "node_modules/simple-icons": {
      "version": "6.23.0",
      "resolved": "https://registry.npmjs.org/simple-icons/-/simple-icons-6.23.0.tgz",
      "integrity": "sha512-9ql+6OdW5Dnfx1/z5z8MYO2y+OM4Oj4XBvQY5Nlye4eW+Nf5igHzHIKKtTmFkvCmR0lrddZpe1F/89chgoUXhg==",
      "engines": {
        "node": ">=0.12.18"
      },
      "funding": {
        "type": "opencollective",
        "url": "https://opencollective.com/simple-icons"
      }
    }
  },
  "dependencies": {
    "simple-icons": {
      "version": "6.23.0",
      "resolved": "https://registry.npmjs.org/simple-icons/-/simple-icons-6.23.0.tgz",
      "integrity": "sha512-9ql+6OdW5Dnfx1/z5z8MYO2y+OM4Oj4XBvQY5Nlye4eW+Nf5igHzHIKKtTmFkvCmR0lrddZpe1F/89chgoUXhg=="
    }
  }
}
